// !$*UTF8*$!
{
	archiveVersion = 1;
	classes = {
	};
	objectVersion = 50;
	objects = {

/* Begin PBXBuildFile section */
		793B0D3220C8C6910026BEE7 /* PhotoOperations.swift in Sources */ = {isa = PBXBuildFile; fileRef = 793B0D3120C8C6910026BEE7 /* PhotoOperations.swift */; };
		793B0D3420C8EA1E0026BEE7 /* FunViewController.swift in Sources */ = {isa = PBXBuildFile; fileRef = 793B0D3320C8EA1E0026BEE7 /* FunViewController.swift */; };
		79782D1C20C7E0A40007A8D2 /* AppDelegate.swift in Sources */ = {isa = PBXBuildFile; fileRef = 79782D1B20C7E0A40007A8D2 /* AppDelegate.swift */; };
		79782D2120C7E0A40007A8D2 /* Main.storyboard in Resources */ = {isa = PBXBuildFile; fileRef = 79782D1F20C7E0A40007A8D2 /* Main.storyboard */; };
		79782D2320C7E0A40007A8D2 /* Assets.xcassets in Resources */ = {isa = PBXBuildFile; fileRef = 79782D2220C7E0A40007A8D2 /* Assets.xcassets */; };
		79782D2620C7E0A40007A8D2 /* LaunchScreen.storyboard in Resources */ = {isa = PBXBuildFile; fileRef = 79782D2420C7E0A40007A8D2 /* LaunchScreen.storyboard */; };
		79782D2E20C7E1A80007A8D2 /* ListViewController.swift in Sources */ = {isa = PBXBuildFile; fileRef = 79782D2D20C7E1A80007A8D2 /* ListViewController.swift */; };
/* End PBXBuildFile section */

/* Begin PBXFileReference section */
		793B0D3120C8C6910026BEE7 /* PhotoOperations.swift */ = {isa = PBXFileReference; lastKnownFileType = sourcecode.swift; path = PhotoOperations.swift; sourceTree = "<group>"; };
		793B0D3320C8EA1E0026BEE7 /* FunViewController.swift */ = {isa = PBXFileReference; lastKnownFileType = sourcecode.swift; path = FunViewController.swift; sourceTree = "<group>"; };
		79782D1820C7E0A40007A8D2 /* ClassicPhotos.app */ = {isa = PBXFileReference; explicitFileType = wrapper.application; includeInIndex = 0; path = ClassicPhotos.app; sourceTree = BUILT_PRODUCTS_DIR; };
		79782D1B20C7E0A40007A8D2 /* AppDelegate.swift */ = {isa = PBXFileReference; lastKnownFileType = sourcecode.swift; path = AppDelegate.swift; sourceTree = "<group>"; };
		79782D2020C7E0A40007A8D2 /* Base */ = {isa = PBXFileReference; lastKnownFileType = file.storyboard; name = Base; path = Base.lproj/Main.storyboard; sourceTree = "<group>"; };
		79782D2220C7E0A40007A8D2 /* Assets.xcassets */ = {isa = PBXFileReference; lastKnownFileType = folder.assetcatalog; path = Assets.xcassets; sourceTree = "<group>"; };
		79782D2520C7E0A40007A8D2 /* Base */ = {isa = PBXFileReference; lastKnownFileType = file.storyboard; name = Base; path = Base.lproj/LaunchScreen.storyboard; sourceTree = "<group>"; };
		79782D2720C7E0A40007A8D2 /* Info.plist */ = {isa = PBXFileReference; lastKnownFileType = text.plist.xml; path = Info.plist; sourceTree = "<group>"; };
		79782D2D20C7E1A80007A8D2 /* ListViewController.swift */ = {isa = PBXFileReference; lastKnownFileType = sourcecode.swift; path = ListViewController.swift; sourceTree = "<group>"; };
/* End PBXFileReference section */

/* Begin PBXFrameworksBuildPhase section */
		79782D1520C7E0A40007A8D2 /* Frameworks */ = {
			isa = PBXFrameworksBuildPhase;
			buildActionMask = 2147483647;
			files = (
			);
			runOnlyForDeploymentPostprocessing = 0;
		};
/* End PBXFrameworksBuildPhase section */

/* Begin PBXGroup section */
		79782D0F20C7E0A30007A8D2 = {
			isa = PBXGroup;
			children = (
				79782D1A20C7E0A40007A8D2 /* ClassicPhotos */,
				79782D1920C7E0A40007A8D2 /* Products */,
			);
			sourceTree = "<group>";
		};
		79782D1920C7E0A40007A8D2 /* Products */ = {
			isa = PBXGroup;
			children = (
				79782D1820C7E0A40007A8D2 /* ClassicPhotos.app */,
			);
			name = Products;
			sourceTree = "<group>";
		};
		79782D1A20C7E0A40007A8D2 /* ClassicPhotos */ = {
			isa = PBXGroup;
			children = (
				79782D1B20C7E0A40007A8D2 /* AppDelegate.swift */,
				79782D2D20C7E1A80007A8D2 /* ListViewController.swift */,
				79782D1F20C7E0A40007A8D2 /* Main.storyboard */,
				79782D2220C7E0A40007A8D2 /* Assets.xcassets */,
				79782D2420C7E0A40007A8D2 /* LaunchScreen.storyboard */,
				79782D2720C7E0A40007A8D2 /* Info.plist */,
				793B0D3120C8C6910026BEE7 /* PhotoOperations.swift */,
				793B0D3320C8EA1E0026BEE7 /* FunViewController.swift */,
			);
			path = ClassicPhotos;
			sourceTree = "<group>";
		};
/* End PBXGroup section */

/* Begin PBXNativeTarget section */
		79782D1720C7E0A40007A8D2 /* ClassicPhotos */ = {
			isa = PBXNativeTarget;
			buildConfigurationList = 79782D2A20C7E0A40007A8D2 /* Build configuration list for PBXNativeTarget "ClassicPhotos" */;
			buildPhases = (
				79782D1420C7E0A40007A8D2 /* Sources */,
				79782D1520C7E0A40007A8D2 /* Frameworks */,
				79782D1620C7E0A40007A8D2 /* Resources */,
			);
			buildRules = (
			);
			dependencies = (
			);
			name = ClassicPhotos;
			productName = ClassicPhotos;
			productReference = 79782D1820C7E0A40007A8D2 /* ClassicPhotos.app */;
			productType = "com.apple.product-type.application";
		};
/* End PBXNativeTarget section */

/* Begin PBXProject section */
		79782D1020C7E0A30007A8D2 /* Project object */ = {
			isa = PBXProject;
			attributes = {
				LastSwiftUpdateCheck = 0940;
				LastUpgradeCheck = 0940;
				ORGANIZATIONNAME = "Quoc Nguyen";
				TargetAttributes = {
					79782D1720C7E0A40007A8D2 = {
						CreatedOnToolsVersion = 9.4;
					};
				};
			};
			buildConfigurationList = 79782D1320C7E0A30007A8D2 /* Build configuration list for PBXProject "ClassicPhotos" */;
			compatibilityVersion = "Xcode 9.3";
			developmentRegion = en;
			hasScannedForEncodings = 0;
			knownRegions = (
				en,
				Base,
			);
			mainGroup = 79782D0F20C7E0A30007A8D2;
			productRefGroup = 79782D1920C7E0A40007A8D2 /* Products */;
			projectDirPath = "";
			projectRoot = "";
			targets = (
				79782D1720C7E0A40007A8D2 /* ClassicPhotos */,
			);
		};
/* End PBXProject section */

/* Begin PBXResourcesBuildPhase section */
		79782D1620C7E0A40007A8D2 /* Resources */ = {
			isa = PBXResourcesBuildPhase;
			buildActionMask = 2147483647;
			files = (
				79782D2620C7E0A40007A8D2 /* LaunchScreen.storyboard in Resources */,
				79782D2320C7E0A40007A8D2 /* Assets.xcassets in Resources */,
				79782D2120C7E0A40007A8D2 /* Main.storyboard in Resources */,
			);
			runOnlyForDeploymentPostprocessing = 0;
		};
/* End PBXResourcesBuildPhase section */

/* Begin PBXSourcesBuildPhase section */
		79782D1420C7E0A40007A8D2 /* Sources */ = {
			isa = PBXSourcesBuildPhase;
			buildActionMask = 2147483647;
			files = (
				79782D1C20C7E0A40007A8D2 /* AppDelegate.swift in Sources */,
				79782D2E20C7E1A80007A8D2 /* ListViewController.swift in Sources */,
				793B0D3420C8EA1E0026BEE7 /* FunViewController.swift in Sources */,
				793B0D3220C8C6910026BEE7 /* PhotoOperations.swift in Sources */,
			);
			runOnlyForDeploymentPostprocessing = 0;
		};
/* End PBXSourcesBuildPhase section */

/* Begin PBXVariantGroup section */
		79782D1F20C7E0A40007A8D2 /* Main.storyboard */ = {
			isa = PBXVariantGroup;
			children = (
				79782D2020C7E0A40007A8D2 /* Base */,
			);
			name = Main.storyboard;
			sourceTree = "<group>";
		};
		79782D2420C7E0A40007A8D2 /* LaunchScreen.storyboard */ = {
			isa = PBXVariantGroup;
			children = (
				79782D2520C7E0A40007A8D2 /* Base */,
			);
			name = LaunchScreen.storyboard;
			sourceTree = "<group>";
		};
/* End PBXVariantGroup section */

/* Begin XCBuildConfiguration section */
		79782D2820C7E0A40007A8D2 /* Debug */ = {
			isa = XCBuildConfiguration;
			buildSettings = {
				ALWAYS_SEARCH_USER_PATHS = NO;
				CLANG_ANALYZER_NONNULL = YES;
				CLANG_ANALYZER_NUMBER_OBJECT_CONVERSION = YES_AGGRESSIVE;
				CLANG_CXX_LANGUAGE_STANDARD = "gnu++14";
				CLANG_CXX_LIBRARY = "libc++";
				CLANG_ENABLE_MODULES = YES;
				CLANG_ENABLE_OBJC_ARC = YES;
				CLANG_ENABLE_OBJC_WEAK = YES;
				CLANG_WARN_BLOCK_CAPTURE_AUTORELEASING = YES;
				CLANG_WARN_BOOL_CONVERSION = YES;
				CLANG_WARN_COMMA = YES;
				CLANG_WARN_CONSTANT_CONVERSION = YES;
				CLANG_WARN_DEPRECATED_OBJC_IMPLEMENTATIONS = YES;
				CLANG_WARN_DIRECT_OBJC_ISA_USAGE = YES_ERROR;
				CLANG_WARN_DOCUMENTATION_COMMENTS = YES;
				CLANG_WARN_EMPTY_BODY = YES;
				CLANG_WARN_ENUM_CONVERSION = YES;
				CLANG_WARN_INFINITE_RECURSION = YES;
				CLANG_WARN_INT_CONVERSION = YES;
				CLANG_WARN_NON_LITERAL_NULL_CONVERSION = YES;
				CLANG_WARN_OBJC_IMPLICIT_RETAIN_SELF = YES;
				CLANG_WARN_OBJC_LITERAL_CONVERSION = YES;
				CLANG_WARN_OBJC_ROOT_CLASS = YES_ERROR;
				CLANG_WARN_RANGE_LOOP_ANALYSIS = YES;
				CLANG_WARN_STRICT_PROTOTYPES = YES;
				CLANG_WARN_SUSPICIOUS_MOVE = YES;
				CLANG_WARN_UNGUARDED_AVAILABILITY = YES_AGGRESSIVE;
				CLANG_WARN_UNREACHABLE_CODE = YES;
				CLANG_WARN__DUPLICATE_METHOD_MATCH = YES;
				CODE_SIGN_IDENTITY = "iPhone Developer";
				COPY_PHASE_STRIP = NO;
				DEBUG_INFORMATION_FORMAT = dwarf;
				ENABLE_STRICT_OBJC_MSGSEND = YES;
				ENABLE_TESTABILITY = YES;
				GCC_C_LANGUAGE_STANDARD = gnu11;
				GCC_DYNAMIC_NO_PIC = NO;
				GCC_NO_COMMON_BLOCKS = YES;
				GCC_OPTIMIZATION_LEVEL = 0;
				GCC_PREPROCESSOR_DEFINITIONS = (
					"DEBUG=1",
					"$(inherited)",
				);
				GCC_WARN_64_TO_32_BIT_CONVERSION = YES;
				GCC_WARN_ABOUT_RETURN_TYPE = YES_ERROR;
				GCC_WARN_UNDECLARED_SELECTOR = YES;
				GCC_WARN_UNINITIALIZED_AUTOS = YES_AGGRESSIVE;
				GCC_WARN_UNUSED_FUNCTION = YES;
				GCC_WARN_UNUSED_VARIABLE = YES;
				IPHONEOS_DEPLOYMENT_TARGET = 11.4;
				MTL_ENABLE_DEBUG_INFO = YES;
				ONLY_ACTIVE_ARCH = YES;
				SDKROOT = iphoneos;
				SWIFT_ACTIVE_COMPILATION_CONDITIONS = DEBUG;
				SWIFT_OPTIMIZATION_LEVEL = "-Onone";
			};
			name = Debug;
		};
		79782D2920C7E0A40007A8D2 /* Release */ = {
			isa = XCBuildConfiguration;
			buildSettings = {
				ALWAYS_SEARCH_USER_PATHS = NO;
				CLANG_ANALYZER_NONNULL = YES;
				CLANG_ANALYZER_NUMBER_OBJECT_CONVERSION = YES_AGGRESSIVE;
				CLANG_CXX_LANGUAGE_STANDARD = "gnu++14";
				CLANG_CXX_LIBRARY = "libc++";
				CLANG_ENABLE_MODULES = YES;
				CLANG_ENABLE_OBJC_ARC = YES;
				CLANG_ENABLE_OBJC_WEAK = YES;
				CLANG_WARN_BLOCK_CAPTURE_AUTORELEASING = YES;
				CLANG_WARN_BOOL_CONVERSION = YES;
				CLANG_WARN_COMMA = YES;
				CLANG_WARN_CONSTANT_CONVERSION = YES;
				CLANG_WARN_DEPRECATED_OBJC_IMPLEMENTATIONS = YES;
				CLANG_WARN_DIRECT_OBJC_ISA_USAGE = YES_ERROR;
				CLANG_WARN_DOCUMENTATION_COMMENTS = YES;
				CLANG_WARN_EMPTY_BODY = YES;
				CLANG_WARN_ENUM_CONVERSION = YES;
				CLANG_WARN_INFINITE_RECURSION = YES;
				CLANG_WARN_INT_CONVERSION = YES;
				CLANG_WARN_NON_LITERAL_NULL_CONVERSION = YES;
				CLANG_WARN_OBJC_IMPLICIT_RETAIN_SELF = YES;
				CLANG_WARN_OBJC_LITERAL_CONVERSION = YES;
				CLANG_WARN_OBJC_ROOT_CLASS = YES_ERROR;
				CLANG_WARN_RANGE_LOOP_ANALYSIS = YES;
				CLANG_WARN_STRICT_PROTOTYPES = YES;
				CLANG_WARN_SUSPICIOUS_MOVE = YES;
				CLANG_WARN_UNGUARDED_AVAILABILITY = YES_AGGRESSIVE;
				CLANG_WARN_UNREACHABLE_CODE = YES;
				CLANG_WARN__DUPLICATE_METHOD_MATCH = YES;
				CODE_SIGN_IDENTITY = "iPhone Developer";
				COPY_PHASE_STRIP = NO;
				DEBUG_INFORMATION_FORMAT = "dwarf-with-dsym";
				ENABLE_NS_ASSERTIONS = NO;
				ENABLE_STRICT_OBJC_MSGSEND = YES;
				GCC_C_LANGUAGE_STANDARD = gnu11;
				GCC_NO_COMMON_BLOCKS = YES;
				GCC_WARN_64_TO_32_BIT_CONVERSION = YES;
				GCC_WARN_ABOUT_RETURN_TYPE = YES_ERROR;
				GCC_WARN_UNDECLARED_SELECTOR = YES;
				GCC_WARN_UNINITIALIZED_AUTOS = YES_AGGRESSIVE;
				GCC_WARN_UNUSED_FUNCTION = YES;
				GCC_WARN_UNUSED_VARIABLE = YES;
				IPHONEOS_DEPLOYMENT_TARGET = 11.4;
				MTL_ENABLE_DEBUG_INFO = NO;
				SDKROOT = iphoneos;
				SWIFT_COMPILATION_MODE = wholemodule;
				SWIFT_OPTIMIZATION_LEVEL = "-O";
				VALIDATE_PRODUCT = YES;
			};
			name = Release;
		};
		79782D2B20C7E0A40007A8D2 /* Debug */ = {
			isa = XCBuildConfiguration;
			buildSettings = {
				ASSETCATALOG_COMPILER_APPICON_NAME = AppIcon;
				CODE_SIGN_STYLE = Automatic;
				DEVELOPMENT_TEAM = V93BAW6D7J;
				INFOPLIST_FILE = ClassicPhotos/Info.plist;
				IPHONEOS_DEPLOYMENT_TARGET = 11.0;
				LD_RUNPATH_SEARCH_PATHS = (
					"$(inherited)",
					"@executable_path/Frameworks",
				);
				PRODUCT_BUNDLE_IDENTIFIER = com.quocnb.ClassicPhotos;
				PRODUCT_NAME = "$(TARGET_NAME)";
				SWIFT_VERSION = 4.0;
				TARGETED_DEVICE_FAMILY = "1,2";
			};
			name = Debug;
		};
		79782D2C20C7E0A40007A8D2 /* Release */ = {
			isa = XCBuildConfiguration;
			buildSettings = {
				ASSETCATALOG_COMPILER_APPICON_NAME = AppIcon;
				CODE_SIGN_STYLE = Automatic;
				DEVELOPMENT_TEAM = V93BAW6D7J;
				INFOPLIST_FILE = ClassicPhotos/Info.plist;
				IPHONEOS_DEPLOYMENT_TARGET = 11.0;
				LD_RUNPATH_SEARCH_PATHS = (
					"$(inherited)",
					"@executable_path/Frameworks",
				);
				PRODUCT_BUNDLE_IDENTIFIER = com.quocnb.ClassicPhotos;
				PRODUCT_NAME = "$(TARGET_NAME)";
				SWIFT_VERSION = 4.0;
				TARGETED_DEVICE_FAMILY = "1,2";
			};
			name = Release;
		};
/* End XCBuildConfiguration section */

/* Begin XCConfigurationList section */
		79782D1320C7E0A30007A8D2 /* Build configuration list for PBXProject "ClassicPhotos" */ = {
			isa = XCConfigurationList;
			buildConfigurations = (
				79782D2820C7E0A40007A8D2 /* Debug */,
				79782D2920C7E0A40007A8D2 /* Release */,
			);
			defaultConfigurationIsVisible = 0;
			defaultConfigurationName = Release;
		};
		79782D2A20C7E0A40007A8D2 /* Build configuration list for PBXNativeTarget "ClassicPhotos" */ = {
			isa = XCConfigurationList;
			buildConfigurations = (
				79782D2B20C7E0A40007A8D2 /* Debug */,
				79782D2C20C7E0A40007A8D2 /* Release */,
			);
			defaultConfigurationIsVisible = 0;
			defaultConfigurationName = Release;
		};
/* End XCConfigurationList section */
	};
	rootObject = 79782D1020C7E0A30007A8D2 /* Project object */;
}
