// !$*UTF8*$!
{
	archiveVersion = 1;
	classes = {
	};
	objectVersion = 50;
	objects = {

/* Begin PBXBuildFile section */
		793B0DCF20CA739E0026BEE7 /* AppDelegate.swift in Sources */ = {isa = PBXBuildFile; fileRef = 793B0DCE20CA739E0026BEE7 /* AppDelegate.swift */; };
		793B0DD120CA739E0026BEE7 /* ViewController.swift in Sources */ = {isa = PBXBuildFile; fileRef = 793B0DD020CA739E0026BEE7 /* ViewController.swift */; };
		793B0DD420CA739E0026BEE7 /* Main.storyboard in Resources */ = {isa = PBXBuildFile; fileRef = 793B0DD220CA739E0026BEE7 /* Main.storyboard */; };
		793B0DD620CA739F0026BEE7 /* Assets.xcassets in Resources */ = {isa = PBXBuildFile; fileRef = 793B0DD520CA739F0026BEE7 /* Assets.xcassets */; };
		793B0DD920CA739F0026BEE7 /* LaunchScreen.storyboard in Resources */ = {isa = PBXBuildFile; fileRef = 793B0DD720CA739F0026BEE7 /* LaunchScreen.storyboard */; };
		793B0DE320CA776A0026BEE7 /* image.png in Resources */ = {isa = PBXBuildFile; fileRef = 793B0DE220CA776A0026BEE7 /* image.png */; };
/* End PBXBuildFile section */

/* Begin PBXFileReference section */
		793B0DCB20CA739E0026BEE7 /* CoreImageExample.app */ = {isa = PBXFileReference; explicitFileType = wrapper.application; includeInIndex = 0; path = CoreImageExample.app; sourceTree = BUILT_PRODUCTS_DIR; };
		793B0DCE20CA739E0026BEE7 /* AppDelegate.swift */ = {isa = PBXFileReference; lastKnownFileType = sourcecode.swift; path = AppDelegate.swift; sourceTree = "<group>"; };
		793B0DD020CA739E0026BEE7 /* ViewController.swift */ = {isa = PBXFileReference; lastKnownFileType = sourcecode.swift; path = ViewController.swift; sourceTree = "<group>"; };
		793B0DD320CA739E0026BEE7 /* Base */ = {isa = PBXFileReference; lastKnownFileType = file.storyboard; name = Base; path = Base.lproj/Main.storyboard; sourceTree = "<group>"; };
		793B0DD520CA739F0026BEE7 /* Assets.xcassets */ = {isa = PBXFileReference; lastKnownFileType = folder.assetcatalog; path = Assets.xcassets; sourceTree = "<group>"; };
		793B0DD820CA739F0026BEE7 /* Base */ = {isa = PBXFileReference; lastKnownFileType = file.storyboard; name = Base; path = Base.lproj/LaunchScreen.storyboard; sourceTree = "<group>"; };
		793B0DDA20CA739F0026BEE7 /* Info.plist */ = {isa = PBXFileReference; lastKnownFileType = text.plist.xml; path = Info.plist; sourceTree = "<group>"; };
		793B0DE220CA776A0026BEE7 /* image.png */ = {isa = PBXFileReference; lastKnownFileType = image.png; path = image.png; sourceTree = "<group>"; };
/* End PBXFileReference section */

/* Begin PBXFrameworksBuildPhase section */
		793B0DC820CA739E0026BEE7 /* Frameworks */ = {
			isa = PBXFrameworksBuildPhase;
			buildActionMask = 2147483647;
			files = (
			);
			runOnlyForDeploymentPostprocessing = 0;
		};
/* End PBXFrameworksBuildPhase section */

/* Begin PBXGroup section */
		793B0DC220CA739E0026BEE7 = {
			isa = PBXGroup;
			children = (
				793B0DCD20CA739E0026BEE7 /* CoreImageExample */,
				793B0DCC20CA739E0026BEE7 /* Products */,
			);
			sourceTree = "<group>";
		};
		793B0DCC20CA739E0026BEE7 /* Products */ = {
			isa = PBXGroup;
			children = (
				793B0DCB20CA739E0026BEE7 /* CoreImageExample.app */,
			);
			name = Products;
			sourceTree = "<group>";
		};
		793B0DCD20CA739E0026BEE7 /* CoreImageExample */ = {
			isa = PBXGroup;
			children = (
				793B0DE220CA776A0026BEE7 /* image.png */,
				793B0DCE20CA739E0026BEE7 /* AppDelegate.swift */,
				793B0DD020CA739E0026BEE7 /* ViewController.swift */,
				793B0DD220CA739E0026BEE7 /* Main.storyboard */,
				793B0DD520CA739F0026BEE7 /* Assets.xcassets */,
				793B0DD720CA739F0026BEE7 /* LaunchScreen.storyboard */,
				793B0DDA20CA739F0026BEE7 /* Info.plist */,
			);
			path = CoreImageExample;
			sourceTree = "<group>";
		};
/* End PBXGroup section */

/* Begin PBXNativeTarget section */
		793B0DCA20CA739E0026BEE7 /* CoreImageExample */ = {
			isa = PBXNativeTarget;
			buildConfigurationList = 793B0DDD20CA739F0026BEE7 /* Build configuration list for PBXNativeTarget "CoreImageExample" */;
			buildPhases = (
				793B0DC720CA739E0026BEE7 /* Sources */,
				793B0DC820CA739E0026BEE7 /* Frameworks */,
				793B0DC920CA739E0026BEE7 /* Resources */,
			);
			buildRules = (
			);
			dependencies = (
			);
			name = CoreImageExample;
			productName = CoreImageExample;
			productReference = 793B0DCB20CA739E0026BEE7 /* CoreImageExample.app */;
			productType = "com.apple.product-type.application";
		};
/* End PBXNativeTarget section */

/* Begin PBXProject section */
		793B0DC320CA739E0026BEE7 /* Project object */ = {
			isa = PBXProject;
			attributes = {
				LastSwiftUpdateCheck = 0940;
				LastUpgradeCheck = 0940;
				ORGANIZATIONNAME = "Quoc Nguyen";
				TargetAttributes = {
					793B0DCA20CA739E0026BEE7 = {
						CreatedOnToolsVersion = 9.4;
					};
				};
			};
			buildConfigurationList = 793B0DC620CA739E0026BEE7 /* Build configuration list for PBXProject "CoreImageExample" */;
			compatibilityVersion = "Xcode 9.3";
			developmentRegion = en;
			hasScannedForEncodings = 0;
			knownRegions = (
				en,
				Base,
			);
			mainGroup = 793B0DC220CA739E0026BEE7;
			productRefGroup = 793B0DCC20CA739E0026BEE7 /* Products */;
			projectDirPath = "";
			projectRoot = "";
			targets = (
				793B0DCA20CA739E0026BEE7 /* CoreImageExample */,
			);
		};
/* End PBXProject section */

/* Begin PBXResourcesBuildPhase section */
		793B0DC920CA739E0026BEE7 /* Resources */ = {
			isa = PBXResourcesBuildPhase;
			buildActionMask = 2147483647;
			files = (
				793B0DD920CA739F0026BEE7 /* LaunchScreen.storyboard in Resources */,
				793B0DD620CA739F0026BEE7 /* Assets.xcassets in Resources */,
				793B0DD420CA739E0026BEE7 /* Main.storyboard in Resources */,
				793B0DE320CA776A0026BEE7 /* image.png in Resources */,
			);
			runOnlyForDeploymentPostprocessing = 0;
		};
/* End PBXResourcesBuildPhase section */

/* Begin PBXSourcesBuildPhase section */
		793B0DC720CA739E0026BEE7 /* Sources */ = {
			isa = PBXSourcesBuildPhase;
			buildActionMask = 2147483647;
			files = (
				793B0DD120CA739E0026BEE7 /* ViewController.swift in Sources */,
				793B0DCF20CA739E0026BEE7 /* AppDelegate.swift in Sources */,
			);
			runOnlyForDeploymentPostprocessing = 0;
		};
/* End PBXSourcesBuildPhase section */

/* Begin PBXVariantGroup section */
		793B0DD220CA739E0026BEE7 /* Main.storyboard */ = {
			isa = PBXVariantGroup;
			children = (
				793B0DD320CA739E0026BEE7 /* Base */,
			);
			name = Main.storyboard;
			sourceTree = "<group>";
		};
		793B0DD720CA739F0026BEE7 /* LaunchScreen.storyboard */ = {
			isa = PBXVariantGroup;
			children = (
				793B0DD820CA739F0026BEE7 /* Base */,
			);
			name = LaunchScreen.storyboard;
			sourceTree = "<group>";
		};
/* End PBXVariantGroup section */

/* Begin XCBuildConfiguration section */
		793B0DDB20CA739F0026BEE7 /* Debug */ = {
			isa = XCBuildConfiguration;
			buildSettings = {
				ALWAYS_SEARCH_USER_PATHS = NO;
				CLANG_ANALYZER_NONNULL = YES;
				CLANG_ANALYZER_NUMBER_OBJECT_CONVERSION = YES_AGGRESSIVE;
				CLANG_CXX_LANGUAGE_STANDARD = "gnu++14";
				CLANG_CXX_LIBRARY = "libc++";
				CLANG_ENABLE_MODULES = YES;
				CLANG_ENABLE_OBJC_ARC = YES;
				CLANG_ENABLE_OBJC_WEAK = YES;
				CLANG_WARN_BLOCK_CAPTURE_AUTORELEASING = YES;
				CLANG_WARN_BOOL_CONVERSION = YES;
				CLANG_WARN_COMMA = YES;
				CLANG_WARN_CONSTANT_CONVERSION = YES;
				CLANG_WARN_DEPRECATED_OBJC_IMPLEMENTATIONS = YES;
				CLANG_WARN_DIRECT_OBJC_ISA_USAGE = YES_ERROR;
				CLANG_WARN_DOCUMENTATION_COMMENTS = YES;
				CLANG_WARN_EMPTY_BODY = YES;
				CLANG_WARN_ENUM_CONVERSION = YES;
				CLANG_WARN_INFINITE_RECURSION = YES;
				CLANG_WARN_INT_CONVERSION = YES;
				CLANG_WARN_NON_LITERAL_NULL_CONVERSION = YES;
				CLANG_WARN_OBJC_IMPLICIT_RETAIN_SELF = YES;
				CLANG_WARN_OBJC_LITERAL_CONVERSION = YES;
				CLANG_WARN_OBJC_ROOT_CLASS = YES_ERROR;
				CLANG_WARN_RANGE_LOOP_ANALYSIS = YES;
				CLANG_WARN_STRICT_PROTOTYPES = YES;
				CLANG_WARN_SUSPICIOUS_MOVE = YES;
				CLANG_WARN_UNGUARDED_AVAILABILITY = YES_AGGRESSIVE;
				CLANG_WARN_UNREACHABLE_CODE = YES;
				CLANG_WARN__DUPLICATE_METHOD_MATCH = YES;
				CODE_SIGN_IDENTITY = "iPhone Developer";
				COPY_PHASE_STRIP = NO;
				DEBUG_INFORMATION_FORMAT = dwarf;
				ENABLE_STRICT_OBJC_MSGSEND = YES;
				ENABLE_TESTABILITY = YES;
				GCC_C_LANGUAGE_STANDARD = gnu11;
				GCC_DYNAMIC_NO_PIC = NO;
				GCC_NO_COMMON_BLOCKS = YES;
				GCC_OPTIMIZATION_LEVEL = 0;
				GCC_PREPROCESSOR_DEFINITIONS = (
					"DEBUG=1",
					"$(inherited)",
				);
				GCC_WARN_64_TO_32_BIT_CONVERSION = YES;
				GCC_WARN_ABOUT_RETURN_TYPE = YES_ERROR;
				GCC_WARN_UNDECLARED_SELECTOR = YES;
				GCC_WARN_UNINITIALIZED_AUTOS = YES_AGGRESSIVE;
				GCC_WARN_UNUSED_FUNCTION = YES;
				GCC_WARN_UNUSED_VARIABLE = YES;
				IPHONEOS_DEPLOYMENT_TARGET = 11.4;
				MTL_ENABLE_DEBUG_INFO = YES;
				ONLY_ACTIVE_ARCH = YES;
				SDKROOT = iphoneos;
				SWIFT_ACTIVE_COMPILATION_CONDITIONS = DEBUG;
				SWIFT_OPTIMIZATION_LEVEL = "-Onone";
			};
			name = Debug;
		};
		793B0DDC20CA739F0026BEE7 /* Release */ = {
			isa = XCBuildConfiguration;
			buildSettings = {
				ALWAYS_SEARCH_USER_PATHS = NO;
				CLANG_ANALYZER_NONNULL = YES;
				CLANG_ANALYZER_NUMBER_OBJECT_CONVERSION = YES_AGGRESSIVE;
				CLANG_CXX_LANGUAGE_STANDARD = "gnu++14";
				CLANG_CXX_LIBRARY = "libc++";
				CLANG_ENABLE_MODULES = YES;
				CLANG_ENABLE_OBJC_ARC = YES;
				CLANG_ENABLE_OBJC_WEAK = YES;
				CLANG_WARN_BLOCK_CAPTURE_AUTORELEASING = YES;
				CLANG_WARN_BOOL_CONVERSION = YES;
				CLANG_WARN_COMMA = YES;
				CLANG_WARN_CONSTANT_CONVERSION = YES;
				CLANG_WARN_DEPRECATED_OBJC_IMPLEMENTATIONS = YES;
				CLANG_WARN_DIRECT_OBJC_ISA_USAGE = YES_ERROR;
				CLANG_WARN_DOCUMENTATION_COMMENTS = YES;
				CLANG_WARN_EMPTY_BODY = YES;
				CLANG_WARN_ENUM_CONVERSION = YES;
				CLANG_WARN_INFINITE_RECURSION = YES;
				CLANG_WARN_INT_CONVERSION = YES;
				CLANG_WARN_NON_LITERAL_NULL_CONVERSION = YES;
				CLANG_WARN_OBJC_IMPLICIT_RETAIN_SELF = YES;
				CLANG_WARN_OBJC_LITERAL_CONVERSION = YES;
				CLANG_WARN_OBJC_ROOT_CLASS = YES_ERROR;
				CLANG_WARN_RANGE_LOOP_ANALYSIS = YES;
				CLANG_WARN_STRICT_PROTOTYPES = YES;
				CLANG_WARN_SUSPICIOUS_MOVE = YES;
				CLANG_WARN_UNGUARDED_AVAILABILITY = YES_AGGRESSIVE;
				CLANG_WARN_UNREACHABLE_CODE = YES;
				CLANG_WARN__DUPLICATE_METHOD_MATCH = YES;
				CODE_SIGN_IDENTITY = "iPhone Developer";
				COPY_PHASE_STRIP = NO;
				DEBUG_INFORMATION_FORMAT = "dwarf-with-dsym";
				ENABLE_NS_ASSERTIONS = NO;
				ENABLE_STRICT_OBJC_MSGSEND = YES;
				GCC_C_LANGUAGE_STANDARD = gnu11;
				GCC_NO_COMMON_BLOCKS = YES;
				GCC_WARN_64_TO_32_BIT_CONVERSION = YES;
				GCC_WARN_ABOUT_RETURN_TYPE = YES_ERROR;
				GCC_WARN_UNDECLARED_SELECTOR = YES;
				GCC_WARN_UNINITIALIZED_AUTOS = YES_AGGRESSIVE;
				GCC_WARN_UNUSED_FUNCTION = YES;
				GCC_WARN_UNUSED_VARIABLE = YES;
				IPHONEOS_DEPLOYMENT_TARGET = 11.4;
				MTL_ENABLE_DEBUG_INFO = NO;
				SDKROOT = iphoneos;
				SWIFT_COMPILATION_MODE = wholemodule;
				SWIFT_OPTIMIZATION_LEVEL = "-O";
				VALIDATE_PRODUCT = YES;
			};
			name = Release;
		};
		793B0DDE20CA739F0026BEE7 /* Debug */ = {
			isa = XCBuildConfiguration;
			buildSettings = {
				ASSETCATALOG_COMPILER_APPICON_NAME = AppIcon;
				CODE_SIGN_STYLE = Automatic;
				DEVELOPMENT_TEAM = V93BAW6D7J;
				INFOPLIST_FILE = CoreImageExample/Info.plist;
				IPHONEOS_DEPLOYMENT_TARGET = 11.0;
				LD_RUNPATH_SEARCH_PATHS = (
					"$(inherited)",
					"@executable_path/Frameworks",
				);
				PRODUCT_BUNDLE_IDENTIFIER = com.quocnb.CoreImageExample;
				PRODUCT_NAME = "$(TARGET_NAME)";
				SWIFT_VERSION = 4.0;
				TARGETED_DEVICE_FAMILY = "1,2";
			};
			name = Debug;
		};
		793B0DDF20CA739F0026BEE7 /* Release */ = {
			isa = XCBuildConfiguration;
			buildSettings = {
				ASSETCATALOG_COMPILER_APPICON_NAME = AppIcon;
				CODE_SIGN_STYLE = Automatic;
				DEVELOPMENT_TEAM = V93BAW6D7J;
				INFOPLIST_FILE = CoreImageExample/Info.plist;
				IPHONEOS_DEPLOYMENT_TARGET = 11.0;
				LD_RUNPATH_SEARCH_PATHS = (
					"$(inherited)",
					"@executable_path/Frameworks",
				);
				PRODUCT_BUNDLE_IDENTIFIER = com.quocnb.CoreImageExample;
				PRODUCT_NAME = "$(TARGET_NAME)";
				SWIFT_VERSION = 4.0;
				TARGETED_DEVICE_FAMILY = "1,2";
			};
			name = Release;
		};
/* End XCBuildConfiguration section */

/* Begin XCConfigurationList section */
		793B0DC620CA739E0026BEE7 /* Build configuration list for PBXProject "CoreImageExample" */ = {
			isa = XCConfigurationList;
			buildConfigurations = (
				793B0DDB20CA739F0026BEE7 /* Debug */,
				793B0DDC20CA739F0026BEE7 /* Release */,
			);
			defaultConfigurationIsVisible = 0;
			defaultConfigurationName = Release;
		};
		793B0DDD20CA739F0026BEE7 /* Build configuration list for PBXNativeTarget "CoreImageExample" */ = {
			isa = XCConfigurationList;
			buildConfigurations = (
				793B0DDE20CA739F0026BEE7 /* Debug */,
				793B0DDF20CA739F0026BEE7 /* Release */,
			);
			defaultConfigurationIsVisible = 0;
			defaultConfigurationName = Release;
		};
/* End XCConfigurationList section */
	};
	rootObject = 793B0DC320CA739E0026BEE7 /* Project object */;
}
